// !$*UTF8*$!
{
	archiveVersion = 1;
	classes = {
	};
	objectVersion = 46;
	objects = {

/* Begin PBXBuildFile section */
		958BE1752061EEAA0033BD87 /* AppDelegate.swift in Sources */ = {isa = PBXBuildFile; fileRef = 958BE1742061EEAA0033BD87 /* AppDelegate.swift */; };
		958BE1772061EEAA0033BD87 /* ViewController.swift in Sources */ = {isa = PBXBuildFile; fileRef = 958BE1762061EEAA0033BD87 /* ViewController.swift */; };
		958BE17A2061EEAA0033BD87 /* Main.storyboard in Resources */ = {isa = PBXBuildFile; fileRef = 958BE1782061EEAA0033BD87 /* Main.storyboard */; };
		958BE17C2061EEAA0033BD87 /* Assets.xcassets in Resources */ = {isa = PBXBuildFile; fileRef = 958BE17B2061EEAA0033BD87 /* Assets.xcassets */; };
		958BE17F2061EEAA0033BD87 /* LaunchScreen.storyboard in Resources */ = {isa = PBXBuildFile; fileRef = 958BE17D2061EEAA0033BD87 /* LaunchScreen.storyboard */; };
/* End PBXBuildFile section */

/* Begin PBXFileReference section */
		958BE1712061EEAA0033BD87 /* KizamiSupporter.app */ = {isa = PBXFileReference; explicitFileType = wrapper.application; includeInIndex = 0; path = KizamiSupporter.app; sourceTree = BUILT_PRODUCTS_DIR; };
		958BE1742061EEAA0033BD87 /* AppDelegate.swift */ = {isa = PBXFileReference; lastKnownFileType = sourcecode.swift; path = AppDelegate.swift; sourceTree = "<group>"; };
		958BE1762061EEAA0033BD87 /* ViewController.swift */ = {isa = PBXFileReference; lastKnownFileType = sourcecode.swift; path = ViewController.swift; sourceTree = "<group>"; };
		958BE1792061EEAA0033BD87 /* Base */ = {isa = PBXFileReference; lastKnownFileType = file.storyboard; name = Base; path = Base.lproj/Main.storyboard; sourceTree = "<group>"; };
		958BE17B2061EEAA0033BD87 /* Assets.xcassets */ = {isa = PBXFileReference; lastKnownFileType = folder.assetcatalog; path = Assets.xcassets; sourceTree = "<group>"; };
		958BE17E2061EEAA0033BD87 /* Base */ = {isa = PBXFileReference; lastKnownFileType = file.storyboard; name = Base; path = Base.lproj/LaunchScreen.storyboard; sourceTree = "<group>"; };
		958BE1802061EEAA0033BD87 /* Info.plist */ = {isa = PBXFileReference; lastKnownFileType = text.plist.xml; path = Info.plist; sourceTree = "<group>"; };
/* End PBXFileReference section */

/* Begin PBXFrameworksBuildPhase section */
		958BE16E2061EEAA0033BD87 /* Frameworks */ = {
			isa = PBXFrameworksBuildPhase;
			buildActionMask = 2147483647;
			files = (
			);
			runOnlyForDeploymentPostprocessing = 0;
		};
/* End PBXFrameworksBuildPhase section */

/* Begin PBXGroup section */
		958BE1682061EEAA0033BD87 = {
			isa = PBXGroup;
			children = (
				958BE1732061EEAA0033BD87 /* KizamiSupporter */,
				958BE1722061EEAA0033BD87 /* Products */,
			);
			sourceTree = "<group>";
		};
		958BE1722061EEAA0033BD87 /* Products */ = {
			isa = PBXGroup;
			children = (
				958BE1712061EEAA0033BD87 /* KizamiSupporter.app */,
			);
			name = Products;
			sourceTree = "<group>";
		};
		958BE1732061EEAA0033BD87 /* KizamiSupporter */ = {
			isa = PBXGroup;
			children = (
				958BE1742061EEAA0033BD87 /* AppDelegate.swift */,
				958BE1762061EEAA0033BD87 /* ViewController.swift */,
				958BE1782061EEAA0033BD87 /* Main.storyboard */,
				958BE17B2061EEAA0033BD87 /* Assets.xcassets */,
				958BE17D2061EEAA0033BD87 /* LaunchScreen.storyboard */,
				958BE1802061EEAA0033BD87 /* Info.plist */,
			);
			path = KizamiSupporter;
			sourceTree = "<group>";
		};
/* End PBXGroup section */

/* Begin PBXNativeTarget section */
		958BE1702061EEAA0033BD87 /* KizamiSupporter */ = {
			isa = PBXNativeTarget;
			buildConfigurationList = 958BE1832061EEAA0033BD87 /* Build configuration list for PBXNativeTarget "KizamiSupporter" */;
			buildPhases = (
				958BE16D2061EEAA0033BD87 /* Sources */,
				958BE16E2061EEAA0033BD87 /* Frameworks */,
				958BE16F2061EEAA0033BD87 /* Resources */,
			);
			buildRules = (
			);
			dependencies = (
			);
			name = KizamiSupporter;
			productName = KizamiSupporter;
			productReference = 958BE1712061EEAA0033BD87 /* KizamiSupporter.app */;
			productType = "com.apple.product-type.application";
		};
/* End PBXNativeTarget section */

/* Begin PBXProject section */
		958BE1692061EEAA0033BD87 /* Project object */ = {
			isa = PBXProject;
			attributes = {
				LastSwiftUpdateCheck = 0830;
				LastUpgradeCheck = 0830;
				ORGANIZATIONNAME = mydmers;
				TargetAttributes = {
					958BE1702061EEAA0033BD87 = {
						CreatedOnToolsVersion = 8.3.3;
						ProvisioningStyle = Automatic;
					};
				};
			};
			buildConfigurationList = 958BE16C2061EEAA0033BD87 /* Build configuration list for PBXProject "KizamiSupporter" */;
			compatibilityVersion = "Xcode 3.2";
			developmentRegion = English;
			hasScannedForEncodings = 0;
			knownRegions = (
				en,
				Base,
			);
			mainGroup = 958BE1682061EEAA0033BD87;
			productRefGroup = 958BE1722061EEAA0033BD87 /* Products */;
			projectDirPath = "";
			projectRoot = "";
			targets = (
				958BE1702061EEAA0033BD87 /* KizamiSupporter */,
			);
		};
/* End PBXProject section */

/* Begin PBXResourcesBuildPhase section */
		958BE16F2061EEAA0033BD87 /* Resources */ = {
			isa = PBXResourcesBuildPhase;
			buildActionMask = 2147483647;
			files = (
				958BE17F2061EEAA0033BD87 /* LaunchScreen.storyboard in Resources */,
				958BE17C2061EEAA0033BD87 /* Assets.xcassets in Resources */,
				958BE17A2061EEAA0033BD87 /* Main.storyboard in Resources */,
			);
			runOnlyForDeploymentPostprocessing = 0;
		};
/* End PBXResourcesBuildPhase section */

/* Begin PBXSourcesBuildPhase section */
		958BE16D2061EEAA0033BD87 /* Sources */ = {
			isa = PBXSourcesBuildPhase;
			buildActionMask = 2147483647;
			files = (
				958BE1772061EEAA0033BD87 /* ViewController.swift in Sources */,
				958BE1752061EEAA0033BD87 /* AppDelegate.swift in Sources */,
			);
			runOnlyForDeploymentPostprocessing = 0;
		};
/* End PBXSourcesBuildPhase section */

/* Begin PBXVariantGroup section */
		958BE1782061EEAA0033BD87 /* Main.storyboard */ = {
			isa = PBXVariantGroup;
			children = (
				958BE1792061EEAA0033BD87 /* Base */,
			);
			name = Main.storyboard;
			sourceTree = "<group>";
		};
		958BE17D2061EEAA0033BD87 /* LaunchScreen.storyboard */ = {
			isa = PBXVariantGroup;
			children = (
				958BE17E2061EEAA0033BD87 /* Base */,
			);
			name = LaunchScreen.storyboard;
			sourceTree = "<group>";
		};
/* End PBXVariantGroup section */

/* Begin XCBuildConfiguration section */
		958BE1812061EEAA0033BD87 /* Debug */ = {
			isa = XCBuildConfiguration;
			buildSettings = {
				ALWAYS_SEARCH_USER_PATHS = NO;
				CLANG_ANALYZER_NONNULL = YES;
				CLANG_ANALYZER_NUMBER_OBJECT_CONVERSION = YES_AGGRESSIVE;
				CLANG_CXX_LANGUAGE_STANDARD = "gnu++0x";
				CLANG_CXX_LIBRARY = "libc++";
				CLANG_ENABLE_MODULES = YES;
				CLANG_ENABLE_OBJC_ARC = YES;
				CLANG_WARN_BOOL_CONVERSION = YES;
				CLANG_WARN_CONSTANT_CONVERSION = YES;
				CLANG_WARN_DIRECT_OBJC_ISA_USAGE = YES_ERROR;
				CLANG_WARN_DOCUMENTATION_COMMENTS = YES;
				CLANG_WARN_EMPTY_BODY = YES;
				CLANG_WARN_ENUM_CONVERSION = YES;
				CLANG_WARN_INFINITE_RECURSION = YES;
				CLANG_WARN_INT_CONVERSION = YES;
				CLANG_WARN_OBJC_ROOT_CLASS = YES_ERROR;
				CLANG_WARN_SUSPICIOUS_MOVE = YES;
				CLANG_WARN_UNREACHABLE_CODE = YES;
				CLANG_WARN__DUPLICATE_METHOD_MATCH = YES;
				"CODE_SIGN_IDENTITY[sdk=iphoneos*]" = "iPhone Developer";
				COPY_PHASE_STRIP = NO;
				DEBUG_INFORMATION_FORMAT = dwarf;
				ENABLE_STRICT_OBJC_MSGSEND = YES;
				ENABLE_TESTABILITY = YES;
				GCC_C_LANGUAGE_STANDARD = gnu99;
				GCC_DYNAMIC_NO_PIC = NO;
				GCC_NO_COMMON_BLOCKS = YES;
				GCC_OPTIMIZATION_LEVEL = 0;
				GCC_PREPROCESSOR_DEFINITIONS = (
					"DEBUG=1",
					"$(inherited)",
				);
				GCC_WARN_64_TO_32_BIT_CONVERSION = YES;
				GCC_WARN_ABOUT_RETURN_TYPE = YES_ERROR;
				GCC_WARN_UNDECLARED_SELECTOR = YES;
				GCC_WARN_UNINITIALIZED_AUTOS = YES_AGGRESSIVE;
				GCC_WARN_UNUSED_FUNCTION = YES;
				GCC_WARN_UNUSED_VARIABLE = YES;
				IPHONEOS_DEPLOYMENT_TARGET = 10.3;
				MTL_ENABLE_DEBUG_INFO = YES;
				ONLY_ACTIVE_ARCH = YES;
				SDKROOT = iphoneos;
				SWIFT_ACTIVE_COMPILATION_CONDITIONS = DEBUG;
				SWIFT_OPTIMIZATION_LEVEL = "-Onone";
				TARGETED_DEVICE_FAMILY = "1,2";
			};
			name = Debug;
		};
		958BE1822061EEAA0033BD87 /* Release */ = {
			isa = XCBuildConfiguration;
			buildSettings = {
				ALWAYS_SEARCH_USER_PATHS = NO;
				CLANG_ANALYZER_NONNULL = YES;
				CLANG_ANALYZER_NUMBER_OBJECT_CONVERSION = YES_AGGRESSIVE;
				CLANG_CXX_LANGUAGE_STANDARD = "gnu++0x";
				CLANG_CXX_LIBRARY = "libc++";
				CLANG_ENABLE_MODULES = YES;
				CLANG_ENABLE_OBJC_ARC = YES;
				CLANG_WARN_BOOL_CONVERSION = YES;
				CLANG_WARN_CONSTANT_CONVERSION = YES;
				CLANG_WARN_DIRECT_OBJC_ISA_USAGE = YES_ERROR;
				CLANG_WARN_DOCUMENTATION_COMMENTS = YES;
				CLANG_WARN_EMPTY_BODY = YES;
				CLANG_WARN_ENUM_CONVERSION = YES;
				CLANG_WARN_INFINITE_RECURSION = YES;
				CLANG_WARN_INT_CONVERSION = YES;
				CLANG_WARN_OBJC_ROOT_CLASS = YES_ERROR;
				CLANG_WARN_SUSPICIOUS_MOVE = YES;
				CLANG_WARN_UNREACHABLE_CODE = YES;
				CLANG_WARN__DUPLICATE_METHOD_MATCH = YES;
				"CODE_SIGN_IDENTITY[sdk=iphoneos*]" = "iPhone Developer";
				COPY_PHASE_STRIP = NO;
				DEBUG_INFORMATION_FORMAT = "dwarf-with-dsym";
				ENABLE_NS_ASSERTIONS = NO;
				ENABLE_STRICT_OBJC_MSGSEND = YES;
				GCC_C_LANGUAGE_STANDARD = gnu99;
				GCC_NO_COMMON_BLOCKS = YES;
				GCC_WARN_64_TO_32_BIT_CONVERSION = YES;
				GCC_WARN_ABOUT_RETURN_TYPE = YES_ERROR;
				GCC_WARN_UNDECLARED_SELECTOR = YES;
				GCC_WARN_UNINITIALIZED_AUTOS = YES_AGGRESSIVE;
				GCC_WARN_UNUSED_FUNCTION = YES;
				GCC_WARN_UNUSED_VARIABLE = YES;
				IPHONEOS_DEPLOYMENT_TARGET = 10.3;
				MTL_ENABLE_DEBUG_INFO = NO;
				SDKROOT = iphoneos;
				SWIFT_OPTIMIZATION_LEVEL = "-Owholemodule";
				TARGETED_DEVICE_FAMILY = "1,2";
				VALIDATE_PRODUCT = YES;
			};
			name = Release;
		};
		958BE1842061EEAA0033BD87 /* Debug */ = {
			isa = XCBuildConfiguration;
			buildSettings = {
				ASSETCATALOG_COMPILER_APPICON_NAME = AppIcon;
				INFOPLIST_FILE = KizamiSupporter/Info.plist;
				LD_RUNPATH_SEARCH_PATHS = "$(inherited) @executable_path/Frameworks";
				PRODUCT_BUNDLE_IDENTIFIER = jp.techacademy.mydmers.KizamiSupporter;
				PRODUCT_NAME = "$(TARGET_NAME)";
				SWIFT_VERSION = 3.0;
			};
			name = Debug;
		};
		958BE1852061EEAA0033BD87 /* Release */ = {
			isa = XCBuildConfiguration;
			buildSettings = {
				ASSETCATALOG_COMPILER_APPICON_NAME = AppIcon;
				INFOPLIST_FILE = KizamiSupporter/Info.plist;
				LD_RUNPATH_SEARCH_PATHS = "$(inherited) @executable_path/Frameworks";
				PRODUCT_BUNDLE_IDENTIFIER = jp.techacademy.mydmers.KizamiSupporter;
				PRODUCT_NAME = "$(TARGET_NAME)";
				SWIFT_VERSION = 3.0;
			};
			name = Release;
		};
/* End XCBuildConfiguration section */

/* Begin XCConfigurationList section */
		958BE16C2061EEAA0033BD87 /* Build configuration list for PBXProject "KizamiSupporter" */ = {
			isa = XCConfigurationList;
			buildConfigurations = (
				958BE1812061EEAA0033BD87 /* Debug */,
				958BE1822061EEAA0033BD87 /* Release */,
			);
			defaultConfigurationIsVisible = 0;
			defaultConfigurationName = Release;
		};
		958BE1832061EEAA0033BD87 /* Build configuration list for PBXNativeTarget "KizamiSupporter" */ = {
			isa = XCConfigurationList;
			buildConfigurations = (
				958BE1842061EEAA0033BD87 /* Debug */,
				958BE1852061EEAA0033BD87 /* Release */,
			);
			defaultConfigurationIsVisible = 0;
		};
/* End XCConfigurationList section */
	};
	rootObject = 958BE1692061EEAA0033BD87 /* Project object */;
}
